
Microsoft Visual Studio Solution File, Format Version 12.00
# Visual Studio Version 17
VisualStudioVersion = 17.9.34607.119
MinimumVisualStudioVersion = 10.0.40219.1
Project("{9A19103F-16F7-4668-BE54-9A1E7A4F7556}") = "Mde.CampusDetector", "src\Mde.CampusDetector.csproj", "{61C60497-F364-4109-9D87-458E0CE9A91B}"
EndProject
Project("{9A19103F-16F7-4668-BE54-9A1E7A4F7556}") = "Mde.CampusDetector.UnitTests", "tests\Mde.CampusDetector.UnitTests\Mde.CampusDetector.UnitTests.csproj", "{3336DBE9-9468-4FD8-B60A-15CD62106139}"
EndProject
Global
	GlobalSection(SolutionConfigurationPlatforms) = preSolution
		Debug|Any CPU = Debug|Any CPU
		Release|Any CPU = Release|Any CPU
	EndGlobalSection
	GlobalSection(ProjectConfigurationPlatforms) = postSolution
		{61C60497-F364-4109-9D87-458E0CE9A91B}.Debug|Any CPU.ActiveCfg = Debug|Any CPU
		{61C60497-F364-4109-9D87-458E0CE9A91B}.Debug|Any CPU.Build.0 = Debug|Any CPU
		{61C60497-F364-4109-9D87-458E0CE9A91B}.Debug|Any CPU.Deploy.0 = Debug|Any CPU
		{61C60497-F364-4109-9D87-458E0CE9A91B}.Release|Any CPU.ActiveCfg = Release|Any CPU
		{61C60497-F364-4109-9D87-458E0CE9A91B}.Release|Any CPU.Build.0 = Release|Any CPU
		{61C60497-F364-4109-9D87-458E0CE9A91B}.Release|Any CPU.Deploy.0 = Release|Any CPU
		{3336DBE9-9468-4FD8-B60A-15CD62106139}.Debug|Any CPU.ActiveCfg = Debug|Any CPU
		{3336DBE9-9468-4FD8-B60A-15CD62106139}.Debug|Any CPU.Build.0 = Debug|Any CPU
		{3336DBE9-9468-4FD8-B60A-15CD62106139}.Release|Any CPU.ActiveCfg = Release|Any CPU
		{3336DBE9-9468-4FD8-B60A-15CD62106139}.Release|Any CPU.Build.0 = Release|Any CPU
	EndGlobalSection
	GlobalSection(SolutionProperties) = preSolution
		HideSolutionNode = FALSE
	EndGlobalSection
	GlobalSection(ExtensibilityGlobals) = postSolution
		SolutionGuid = {C13AC67A-A987-4663-9BC4-DDB2CECA2BFC}
	EndGlobalSection
EndGlobal
